// !$*UTF8*$!
{
	archiveVersion = 1;
	classes = {
	};
	objectVersion = 56;
	objects = {

/* Begin PBXBuildFile section */
		551670332A51C37100202B13 /* GlossaryView.swift in Sources */ = {isa = PBXBuildFile; fileRef = 551670322A51C37100202B13 /* GlossaryView.swift */; };
		551670352A51C4F200202B13 /* FishData.swift in Sources */ = {isa = PBXBuildFile; fileRef = 551670342A51C4F200202B13 /* FishData.swift */; };
		551A27332A52C3CB00534E99 /* GameState.swift in Sources */ = {isa = PBXBuildFile; fileRef = 551A27322A52C3CB00534E99 /* GameState.swift */; };
		551A27352A52C4A700534E99 /* Aquarium.swift in Sources */ = {isa = PBXBuildFile; fileRef = 551A27342A52C4A700534E99 /* Aquarium.swift */; };
		551A27372A52C5ED00534E99 /* Fish.swift in Sources */ = {isa = PBXBuildFile; fileRef = 551A27362A52C5ED00534E99 /* Fish.swift */; };
		551A27392A52D68800534E99 /* GameFishData.swift in Sources */ = {isa = PBXBuildFile; fileRef = 551A27382A52D68800534E99 /* GameFishData.swift */; };
		551A273C2A53F59E00534E99 /* LevelRender.swift in Sources */ = {isa = PBXBuildFile; fileRef = 551A273B2A53F59E00534E99 /* LevelRender.swift */; };
		551A273E2A540AFA00534E99 /* LevelSolution.swift in Sources */ = {isa = PBXBuildFile; fileRef = 551A273D2A540AFA00534E99 /* LevelSolution.swift */; };
		FC9C30AB2A3997DF00B10C97 /* MC2_AppDevApp.swift in Sources */ = {isa = PBXBuildFile; fileRef = FC9C30AA2A3997DF00B10C97 /* MC2_AppDevApp.swift */; };
		FC9C30AD2A3997DF00B10C97 /* ContentView.swift in Sources */ = {isa = PBXBuildFile; fileRef = FC9C30AC2A3997DF00B10C97 /* ContentView.swift */; };
		FC9C30AF2A3997E000B10C97 /* Assets.xcassets in Resources */ = {isa = PBXBuildFile; fileRef = FC9C30AE2A3997E000B10C97 /* Assets.xcassets */; };
		FC9C30B22A3997E000B10C97 /* Preview Assets.xcassets in Resources */ = {isa = PBXBuildFile; fileRef = FC9C30B12A3997E000B10C97 /* Preview Assets.xcassets */; };
		FC9C30B92A399E1A00B10C97 /* MapView.swift in Sources */ = {isa = PBXBuildFile; fileRef = FC9C30B82A399E1A00B10C97 /* MapView.swift */; };
		FC9C30BB2A39ADB300B10C97 /* CollectionView.swift in Sources */ = {isa = PBXBuildFile; fileRef = FC9C30BA2A39ADB300B10C97 /* CollectionView.swift */; };
		FC9C30BD2A39AF0B00B10C97 /* DetailsView.swift in Sources */ = {isa = PBXBuildFile; fileRef = FC9C30BC2A39AF0B00B10C97 /* DetailsView.swift */; };
		FC9C30D92A444A8300B10C97 /* AquariumGameView.swift in Sources */ = {isa = PBXBuildFile; fileRef = FC9C30D82A444A8300B10C97 /* AquariumGameView.swift */; };
		FC9C30DF2A444B3900B10C97 /* DraggableIcon.swift in Sources */ = {isa = PBXBuildFile; fileRef = FC9C30DE2A444B3900B10C97 /* DraggableIcon.swift */; };
		FC9C30E32A44525E00B10C97 /* ModelData.xcdatamodeld in Sources */ = {isa = PBXBuildFile; fileRef = FC9C30E12A44525E00B10C97 /* ModelData.xcdatamodeld */; };
		FC9C30E62A496E4D00B10C97 /* InLevel_DescriptionView.swift in Sources */ = {isa = PBXBuildFile; fileRef = FC9C30E52A496E4D00B10C97 /* InLevel_DescriptionView.swift */; };
		FC9C30E82A4973C400B10C97 /* InLevel_StorylineView.swift in Sources */ = {isa = PBXBuildFile; fileRef = FC9C30E72A4973C400B10C97 /* InLevel_StorylineView.swift */; };
		FC9C30EA2A49840D00B10C97 /* AquariumGame_PopUpView.swift in Sources */ = {isa = PBXBuildFile; fileRef = FC9C30E92A49840D00B10C97 /* AquariumGame_PopUpView.swift */; };
		FC9C30EC2A4AE3CE00B10C97 /* LargeAquarium.swift in Sources */ = {isa = PBXBuildFile; fileRef = FC9C30EB2A4AE3CE00B10C97 /* LargeAquarium.swift */; };
		FC9C30EE2A4AE41B00B10C97 /* SmallAquarium.swift in Sources */ = {isa = PBXBuildFile; fileRef = FC9C30ED2A4AE41B00B10C97 /* SmallAquarium.swift */; };
		FC9C30F02A4C0E4800B10C97 /* AquariumGame_PopUpObjectivesView.swift in Sources */ = {isa = PBXBuildFile; fileRef = FC9C30EF2A4C0E4800B10C97 /* AquariumGame_PopUpObjectivesView.swift */; };
/* End PBXBuildFile section */

/* Begin PBXFileReference section */
		551670322A51C37100202B13 /* GlossaryView.swift */ = {isa = PBXFileReference; lastKnownFileType = sourcecode.swift; path = GlossaryView.swift; sourceTree = "<group>"; };
		551670342A51C4F200202B13 /* FishData.swift */ = {isa = PBXFileReference; fileEncoding = 4; lastKnownFileType = sourcecode.swift; path = FishData.swift; sourceTree = "<group>"; };
		551A27322A52C3CB00534E99 /* GameState.swift */ = {isa = PBXFileReference; lastKnownFileType = sourcecode.swift; path = GameState.swift; sourceTree = "<group>"; };
		551A27342A52C4A700534E99 /* Aquarium.swift */ = {isa = PBXFileReference; lastKnownFileType = sourcecode.swift; path = Aquarium.swift; sourceTree = "<group>"; };
		551A27362A52C5ED00534E99 /* Fish.swift */ = {isa = PBXFileReference; lastKnownFileType = sourcecode.swift; path = Fish.swift; sourceTree = "<group>"; };
		551A27382A52D68800534E99 /* GameFishData.swift */ = {isa = PBXFileReference; lastKnownFileType = sourcecode.swift; path = GameFishData.swift; sourceTree = "<group>"; };
		551A273B2A53F59E00534E99 /* LevelRender.swift */ = {isa = PBXFileReference; lastKnownFileType = sourcecode.swift; path = LevelRender.swift; sourceTree = "<group>"; };
		551A273D2A540AFA00534E99 /* LevelSolution.swift */ = {isa = PBXFileReference; lastKnownFileType = sourcecode.swift; path = LevelSolution.swift; sourceTree = "<group>"; };
		FC9C30A72A3997DF00B10C97 /* MC2_AppDev.app */ = {isa = PBXFileReference; explicitFileType = wrapper.application; includeInIndex = 0; path = MC2_AppDev.app; sourceTree = BUILT_PRODUCTS_DIR; };
		FC9C30AA2A3997DF00B10C97 /* MC2_AppDevApp.swift */ = {isa = PBXFileReference; lastKnownFileType = sourcecode.swift; path = MC2_AppDevApp.swift; sourceTree = "<group>"; };
		FC9C30AC2A3997DF00B10C97 /* ContentView.swift */ = {isa = PBXFileReference; lastKnownFileType = sourcecode.swift; path = ContentView.swift; sourceTree = "<group>"; };
		FC9C30AE2A3997E000B10C97 /* Assets.xcassets */ = {isa = PBXFileReference; lastKnownFileType = folder.assetcatalog; path = Assets.xcassets; sourceTree = "<group>"; };
		FC9C30B12A3997E000B10C97 /* Preview Assets.xcassets */ = {isa = PBXFileReference; lastKnownFileType = folder.assetcatalog; path = "Preview Assets.xcassets"; sourceTree = "<group>"; };
		FC9C30B82A399E1A00B10C97 /* MapView.swift */ = {isa = PBXFileReference; lastKnownFileType = sourcecode.swift; path = MapView.swift; sourceTree = "<group>"; };
		FC9C30BA2A39ADB300B10C97 /* CollectionView.swift */ = {isa = PBXFileReference; lastKnownFileType = sourcecode.swift; path = CollectionView.swift; sourceTree = "<group>"; };
		FC9C30BC2A39AF0B00B10C97 /* DetailsView.swift */ = {isa = PBXFileReference; lastKnownFileType = sourcecode.swift; path = DetailsView.swift; sourceTree = "<group>"; };
		FC9C30D82A444A8300B10C97 /* AquariumGameView.swift */ = {isa = PBXFileReference; fileEncoding = 4; lastKnownFileType = sourcecode.swift; path = AquariumGameView.swift; sourceTree = "<group>"; };
		FC9C30DE2A444B3900B10C97 /* DraggableIcon.swift */ = {isa = PBXFileReference; lastKnownFileType = sourcecode.swift; path = DraggableIcon.swift; sourceTree = "<group>"; };
		FC9C30E22A44525E00B10C97 /* ModelData.xcdatamodel */ = {isa = PBXFileReference; lastKnownFileType = wrapper.xcdatamodel; path = ModelData.xcdatamodel; sourceTree = "<group>"; };
		FC9C30E52A496E4D00B10C97 /* InLevel_DescriptionView.swift */ = {isa = PBXFileReference; lastKnownFileType = sourcecode.swift; path = InLevel_DescriptionView.swift; sourceTree = "<group>"; };
		FC9C30E72A4973C400B10C97 /* InLevel_StorylineView.swift */ = {isa = PBXFileReference; lastKnownFileType = sourcecode.swift; path = InLevel_StorylineView.swift; sourceTree = "<group>"; };
		FC9C30E92A49840D00B10C97 /* AquariumGame_PopUpView.swift */ = {isa = PBXFileReference; lastKnownFileType = sourcecode.swift; path = AquariumGame_PopUpView.swift; sourceTree = "<group>"; };
		FC9C30EB2A4AE3CE00B10C97 /* LargeAquarium.swift */ = {isa = PBXFileReference; lastKnownFileType = sourcecode.swift; path = LargeAquarium.swift; sourceTree = "<group>"; };
		FC9C30ED2A4AE41B00B10C97 /* SmallAquarium.swift */ = {isa = PBXFileReference; lastKnownFileType = sourcecode.swift; path = SmallAquarium.swift; sourceTree = "<group>"; };
		FC9C30EF2A4C0E4800B10C97 /* AquariumGame_PopUpObjectivesView.swift */ = {isa = PBXFileReference; lastKnownFileType = sourcecode.swift; path = AquariumGame_PopUpObjectivesView.swift; sourceTree = "<group>"; };
/* End PBXFileReference section */

/* Begin PBXFrameworksBuildPhase section */
		FC9C30A42A3997DF00B10C97 /* Frameworks */ = {
			isa = PBXFrameworksBuildPhase;
			buildActionMask = 2147483647;
			files = (
			);
			runOnlyForDeploymentPostprocessing = 0;
		};
/* End PBXFrameworksBuildPhase section */

/* Begin PBXGroup section */
		551A27312A52C39C00534E99 /* Model */ = {
			isa = PBXGroup;
			children = (
				551A27322A52C3CB00534E99 /* GameState.swift */,
				551A27342A52C4A700534E99 /* Aquarium.swift */,
				551A27362A52C5ED00534E99 /* Fish.swift */,
				551A27382A52D68800534E99 /* GameFishData.swift */,
			);
			path = Model;
			sourceTree = "<group>";
		};
		551A273A2A53F58100534E99 /* Level */ = {
			isa = PBXGroup;
			children = (
				551A273B2A53F59E00534E99 /* LevelRender.swift */,
				551A273D2A540AFA00534E99 /* LevelSolution.swift */,
			);
			path = Level;
			sourceTree = "<group>";
		};
		FC9C309E2A3997DF00B10C97 = {
			isa = PBXGroup;
			children = (
				FC9C30A92A3997DF00B10C97 /* MC2_AppDev */,
				FC9C30A82A3997DF00B10C97 /* Products */,
			);
			sourceTree = "<group>";
		};
		FC9C30A82A3997DF00B10C97 /* Products */ = {
			isa = PBXGroup;
			children = (
				FC9C30A72A3997DF00B10C97 /* MC2_AppDev.app */,
			);
			name = Products;
			sourceTree = "<group>";
		};
		FC9C30A92A3997DF00B10C97 /* MC2_AppDev */ = {
			isa = PBXGroup;
			children = (
				551A273A2A53F58100534E99 /* Level */,
				551A27312A52C39C00534E99 /* Model */,
				FC9C30AA2A3997DF00B10C97 /* MC2_AppDevApp.swift */,
				FC9C30E42A44549200B10C97 /* Additional */,
				FC9C30BE2A39AFD300B10C97 /* Views */,
				FC9C30C72A442BDB00B10C97 /* CoreData */,
				FC9C30AE2A3997E000B10C97 /* Assets.xcassets */,
				FC9C30B02A3997E000B10C97 /* Preview Content */,
			);
			path = MC2_AppDev;
			sourceTree = "<group>";
		};
		FC9C30B02A3997E000B10C97 /* Preview Content */ = {
			isa = PBXGroup;
			children = (
				FC9C30B12A3997E000B10C97 /* Preview Assets.xcassets */,
			);
			path = "Preview Content";
			sourceTree = "<group>";
		};
		FC9C30BE2A39AFD300B10C97 /* Views */ = {
			isa = PBXGroup;
			children = (
				FC9C30AC2A3997DF00B10C97 /* ContentView.swift */,
				FC9C30B82A399E1A00B10C97 /* MapView.swift */,
				FC9C30E52A496E4D00B10C97 /* InLevel_DescriptionView.swift */,
				FC9C30E72A4973C400B10C97 /* InLevel_StorylineView.swift */,
				FC9C30D82A444A8300B10C97 /* AquariumGameView.swift */,
				FC9C30E92A49840D00B10C97 /* AquariumGame_PopUpView.swift */,
				FC9C30EF2A4C0E4800B10C97 /* AquariumGame_PopUpObjectivesView.swift */,
				FC9C30BA2A39ADB300B10C97 /* CollectionView.swift */,
				FC9C30BC2A39AF0B00B10C97 /* DetailsView.swift */,
				551670322A51C37100202B13 /* GlossaryView.swift */,
			);
			path = Views;
			sourceTree = "<group>";
		};
		FC9C30C72A442BDB00B10C97 /* CoreData */ = {
			isa = PBXGroup;
			children = (
				551670342A51C4F200202B13 /* FishData.swift */,
				FC9C30E12A44525E00B10C97 /* ModelData.xcdatamodeld */,
			);
			path = CoreData;
			sourceTree = "<group>";
		};
		FC9C30E42A44549200B10C97 /* Additional */ = {
			isa = PBXGroup;
			children = (
				FC9C30DE2A444B3900B10C97 /* DraggableIcon.swift */,
				FC9C30EB2A4AE3CE00B10C97 /* LargeAquarium.swift */,
				FC9C30ED2A4AE41B00B10C97 /* SmallAquarium.swift */,
			);
			path = Additional;
			sourceTree = "<group>";
		};
/* End PBXGroup section */

/* Begin PBXNativeTarget section */
		FC9C30A62A3997DF00B10C97 /* MC2_AppDev */ = {
			isa = PBXNativeTarget;
			buildConfigurationList = FC9C30B52A3997E000B10C97 /* Build configuration list for PBXNativeTarget "MC2_AppDev" */;
			buildPhases = (
				FC9C30A32A3997DF00B10C97 /* Sources */,
				FC9C30A42A3997DF00B10C97 /* Frameworks */,
				FC9C30A52A3997DF00B10C97 /* Resources */,
			);
			buildRules = (
			);
			dependencies = (
			);
			name = MC2_AppDev;
			productName = MC2_AppDev;
			productReference = FC9C30A72A3997DF00B10C97 /* MC2_AppDev.app */;
			productType = "com.apple.product-type.application";
		};
/* End PBXNativeTarget section */

/* Begin PBXProject section */
		FC9C309F2A3997DF00B10C97 /* Project object */ = {
			isa = PBXProject;
			attributes = {
				BuildIndependentTargetsInParallel = 1;
				LastSwiftUpdateCheck = 1430;
				LastUpgradeCheck = 1430;
				TargetAttributes = {
					FC9C30A62A3997DF00B10C97 = {
						CreatedOnToolsVersion = 14.3.1;
					};
				};
			};
			buildConfigurationList = FC9C30A22A3997DF00B10C97 /* Build configuration list for PBXProject "MC2_AppDev" */;
			compatibilityVersion = "Xcode 14.0";
			developmentRegion = en;
			hasScannedForEncodings = 0;
			knownRegions = (
				en,
				Base,
			);
			mainGroup = FC9C309E2A3997DF00B10C97;
			productRefGroup = FC9C30A82A3997DF00B10C97 /* Products */;
			projectDirPath = "";
			projectRoot = "";
			targets = (
				FC9C30A62A3997DF00B10C97 /* MC2_AppDev */,
			);
		};
/* End PBXProject section */

/* Begin PBXResourcesBuildPhase section */
		FC9C30A52A3997DF00B10C97 /* Resources */ = {
			isa = PBXResourcesBuildPhase;
			buildActionMask = 2147483647;
			files = (
				FC9C30B22A3997E000B10C97 /* Preview Assets.xcassets in Resources */,
				FC9C30AF2A3997E000B10C97 /* Assets.xcassets in Resources */,
			);
			runOnlyForDeploymentPostprocessing = 0;
		};
/* End PBXResourcesBuildPhase section */

/* Begin PBXSourcesBuildPhase section */
		FC9C30A32A3997DF00B10C97 /* Sources */ = {
			isa = PBXSourcesBuildPhase;
			buildActionMask = 2147483647;
			files = (
				FC9C30EA2A49840D00B10C97 /* AquariumGame_PopUpView.swift in Sources */,
				551A273C2A53F59E00534E99 /* LevelRender.swift in Sources */,
				FC9C30E82A4973C400B10C97 /* InLevel_StorylineView.swift in Sources */,
				FC9C30EC2A4AE3CE00B10C97 /* LargeAquarium.swift in Sources */,
				FC9C30E62A496E4D00B10C97 /* InLevel_DescriptionView.swift in Sources */,
				FC9C30AD2A3997DF00B10C97 /* ContentView.swift in Sources */,
				FC9C30E32A44525E00B10C97 /* ModelData.xcdatamodeld in Sources */,
				FC9C30BD2A39AF0B00B10C97 /* DetailsView.swift in Sources */,
				FC9C30EE2A4AE41B00B10C97 /* SmallAquarium.swift in Sources */,
				551A27332A52C3CB00534E99 /* GameState.swift in Sources */,
				FC9C30D92A444A8300B10C97 /* AquariumGameView.swift in Sources */,
				FC9C30B92A399E1A00B10C97 /* MapView.swift in Sources */,
				FC9C30BB2A39ADB300B10C97 /* CollectionView.swift in Sources */,
				551A27352A52C4A700534E99 /* Aquarium.swift in Sources */,
				FC9C30DF2A444B3900B10C97 /* DraggableIcon.swift in Sources */,
				551A273E2A540AFA00534E99 /* LevelSolution.swift in Sources */,
				551670332A51C37100202B13 /* GlossaryView.swift in Sources */,
				551670352A51C4F200202B13 /* FishData.swift in Sources */,
				FC9C30F02A4C0E4800B10C97 /* AquariumGame_PopUpObjectivesView.swift in Sources */,
				551A27372A52C5ED00534E99 /* Fish.swift in Sources */,
				FC9C30AB2A3997DF00B10C97 /* MC2_AppDevApp.swift in Sources */,
				551A27392A52D68800534E99 /* GameFishData.swift in Sources */,
			);
			runOnlyForDeploymentPostprocessing = 0;
		};
/* End PBXSourcesBuildPhase section */

/* Begin XCBuildConfiguration section */
		FC9C30B32A3997E000B10C97 /* Debug */ = {
			isa = XCBuildConfiguration;
			buildSettings = {
				ALWAYS_SEARCH_USER_PATHS = NO;
				CLANG_ANALYZER_NONNULL = YES;
				CLANG_ANALYZER_NUMBER_OBJECT_CONVERSION = YES_AGGRESSIVE;
				CLANG_CXX_LANGUAGE_STANDARD = "gnu++20";
				CLANG_ENABLE_MODULES = YES;
				CLANG_ENABLE_OBJC_ARC = YES;
				CLANG_ENABLE_OBJC_WEAK = YES;
				CLANG_WARN_BLOCK_CAPTURE_AUTORELEASING = YES;
				CLANG_WARN_BOOL_CONVERSION = YES;
				CLANG_WARN_COMMA = YES;
				CLANG_WARN_CONSTANT_CONVERSION = YES;
				CLANG_WARN_DEPRECATED_OBJC_IMPLEMENTATIONS = YES;
				CLANG_WARN_DIRECT_OBJC_ISA_USAGE = YES_ERROR;
				CLANG_WARN_DOCUMENTATION_COMMENTS = YES;
				CLANG_WARN_EMPTY_BODY = YES;
				CLANG_WARN_ENUM_CONVERSION = YES;
				CLANG_WARN_INFINITE_RECURSION = YES;
				CLANG_WARN_INT_CONVERSION = YES;
				CLANG_WARN_NON_LITERAL_NULL_CONVERSION = YES;
				CLANG_WARN_OBJC_IMPLICIT_RETAIN_SELF = YES;
				CLANG_WARN_OBJC_LITERAL_CONVERSION = YES;
				CLANG_WARN_OBJC_ROOT_CLASS = YES_ERROR;
				CLANG_WARN_QUOTED_INCLUDE_IN_FRAMEWORK_HEADER = YES;
				CLANG_WARN_RANGE_LOOP_ANALYSIS = YES;
				CLANG_WARN_STRICT_PROTOTYPES = YES;
				CLANG_WARN_SUSPICIOUS_MOVE = YES;
				CLANG_WARN_UNGUARDED_AVAILABILITY = YES_AGGRESSIVE;
				CLANG_WARN_UNREACHABLE_CODE = YES;
				CLANG_WARN__DUPLICATE_METHOD_MATCH = YES;
				COPY_PHASE_STRIP = NO;
				DEBUG_INFORMATION_FORMAT = dwarf;
				ENABLE_STRICT_OBJC_MSGSEND = YES;
				ENABLE_TESTABILITY = YES;
				GCC_C_LANGUAGE_STANDARD = gnu11;
				GCC_DYNAMIC_NO_PIC = NO;
				GCC_NO_COMMON_BLOCKS = YES;
				GCC_OPTIMIZATION_LEVEL = 0;
				GCC_PREPROCESSOR_DEFINITIONS = (
					"DEBUG=1",
					"$(inherited)",
				);
				GCC_WARN_64_TO_32_BIT_CONVERSION = YES;
				GCC_WARN_ABOUT_RETURN_TYPE = YES_ERROR;
				GCC_WARN_UNDECLARED_SELECTOR = YES;
				GCC_WARN_UNINITIALIZED_AUTOS = YES_AGGRESSIVE;
				GCC_WARN_UNUSED_FUNCTION = YES;
				GCC_WARN_UNUSED_VARIABLE = YES;
				IPHONEOS_DEPLOYMENT_TARGET = 16.4;
				MTL_ENABLE_DEBUG_INFO = INCLUDE_SOURCE;
				MTL_FAST_MATH = YES;
				ONLY_ACTIVE_ARCH = YES;
				SDKROOT = iphoneos;
				SWIFT_ACTIVE_COMPILATION_CONDITIONS = DEBUG;
				SWIFT_OPTIMIZATION_LEVEL = "-Onone";
			};
			name = Debug;
		};
		FC9C30B42A3997E000B10C97 /* Release */ = {
			isa = XCBuildConfiguration;
			buildSettings = {
				ALWAYS_SEARCH_USER_PATHS = NO;
				CLANG_ANALYZER_NONNULL = YES;
				CLANG_ANALYZER_NUMBER_OBJECT_CONVERSION = YES_AGGRESSIVE;
				CLANG_CXX_LANGUAGE_STANDARD = "gnu++20";
				CLANG_ENABLE_MODULES = YES;
				CLANG_ENABLE_OBJC_ARC = YES;
				CLANG_ENABLE_OBJC_WEAK = YES;
				CLANG_WARN_BLOCK_CAPTURE_AUTORELEASING = YES;
				CLANG_WARN_BOOL_CONVERSION = YES;
				CLANG_WARN_COMMA = YES;
				CLANG_WARN_CONSTANT_CONVERSION = YES;
				CLANG_WARN_DEPRECATED_OBJC_IMPLEMENTATIONS = YES;
				CLANG_WARN_DIRECT_OBJC_ISA_USAGE = YES_ERROR;
				CLANG_WARN_DOCUMENTATION_COMMENTS = YES;
				CLANG_WARN_EMPTY_BODY = YES;
				CLANG_WARN_ENUM_CONVERSION = YES;
				CLANG_WARN_INFINITE_RECURSION = YES;
				CLANG_WARN_INT_CONVERSION = YES;
				CLANG_WARN_NON_LITERAL_NULL_CONVERSION = YES;
				CLANG_WARN_OBJC_IMPLICIT_RETAIN_SELF = YES;
				CLANG_WARN_OBJC_LITERAL_CONVERSION = YES;
				CLANG_WARN_OBJC_ROOT_CLASS = YES_ERROR;
				CLANG_WARN_QUOTED_INCLUDE_IN_FRAMEWORK_HEADER = YES;
				CLANG_WARN_RANGE_LOOP_ANALYSIS = YES;
				CLANG_WARN_STRICT_PROTOTYPES = YES;
				CLANG_WARN_SUSPICIOUS_MOVE = YES;
				CLANG_WARN_UNGUARDED_AVAILABILITY = YES_AGGRESSIVE;
				CLANG_WARN_UNREACHABLE_CODE = YES;
				CLANG_WARN__DUPLICATE_METHOD_MATCH = YES;
				COPY_PHASE_STRIP = NO;
				DEBUG_INFORMATION_FORMAT = "dwarf-with-dsym";
				ENABLE_NS_ASSERTIONS = NO;
				ENABLE_STRICT_OBJC_MSGSEND = YES;
				GCC_C_LANGUAGE_STANDARD = gnu11;
				GCC_NO_COMMON_BLOCKS = YES;
				GCC_WARN_64_TO_32_BIT_CONVERSION = YES;
				GCC_WARN_ABOUT_RETURN_TYPE = YES_ERROR;
				GCC_WARN_UNDECLARED_SELECTOR = YES;
				GCC_WARN_UNINITIALIZED_AUTOS = YES_AGGRESSIVE;
				GCC_WARN_UNUSED_FUNCTION = YES;
				GCC_WARN_UNUSED_VARIABLE = YES;
				IPHONEOS_DEPLOYMENT_TARGET = 16.4;
				MTL_ENABLE_DEBUG_INFO = NO;
				MTL_FAST_MATH = YES;
				SDKROOT = iphoneos;
				SWIFT_COMPILATION_MODE = wholemodule;
				SWIFT_OPTIMIZATION_LEVEL = "-O";
				VALIDATE_PRODUCT = YES;
			};
			name = Release;
		};
		FC9C30B62A3997E000B10C97 /* Debug */ = {
			isa = XCBuildConfiguration;
			buildSettings = {
				ASSETCATALOG_COMPILER_APPICON_NAME = AppIcon;
				ASSETCATALOG_COMPILER_GLOBAL_ACCENT_COLOR_NAME = AccentColor;
				CODE_SIGN_STYLE = Automatic;
				CURRENT_PROJECT_VERSION = 1;
				DEVELOPMENT_ASSET_PATHS = "\"MC2_AppDev/Preview Content\"";
				DEVELOPMENT_TEAM = 5JU3YBPL7M;
				ENABLE_PREVIEWS = YES;
				GENERATE_INFOPLIST_FILE = YES;
				INFOPLIST_KEY_UIApplicationSceneManifest_Generation = YES;
				INFOPLIST_KEY_UIApplicationSupportsIndirectInputEvents = YES;
				INFOPLIST_KEY_UILaunchScreen_Generation = YES;
				INFOPLIST_KEY_UISupportedInterfaceOrientations_iPad = "UIInterfaceOrientationPortrait UIInterfaceOrientationPortraitUpsideDown UIInterfaceOrientationLandscapeLeft UIInterfaceOrientationLandscapeRight";
				INFOPLIST_KEY_UISupportedInterfaceOrientations_iPhone = "UIInterfaceOrientationPortrait UIInterfaceOrientationLandscapeLeft UIInterfaceOrientationLandscapeRight";
				LD_RUNPATH_SEARCH_PATHS = (
					"$(inherited)",
					"@executable_path/Frameworks",
				);
				MARKETING_VERSION = 1.0;
				PRODUCT_BUNDLE_IDENTIFIER = "Reiner.MC2-AppDev";
				PRODUCT_NAME = "$(TARGET_NAME)";
				SWIFT_EMIT_LOC_STRINGS = YES;
				SWIFT_VERSION = 5.0;
				TARGETED_DEVICE_FAMILY = "1,2";
			};
			name = Debug;
		};
		FC9C30B72A3997E000B10C97 /* Release */ = {
			isa = XCBuildConfiguration;
			buildSettings = {
				ASSETCATALOG_COMPILER_APPICON_NAME = AppIcon;
				ASSETCATALOG_COMPILER_GLOBAL_ACCENT_COLOR_NAME = AccentColor;
				CODE_SIGN_STYLE = Automatic;
				CURRENT_PROJECT_VERSION = 1;
				DEVELOPMENT_ASSET_PATHS = "\"MC2_AppDev/Preview Content\"";
				DEVELOPMENT_TEAM = 5JU3YBPL7M;
				ENABLE_PREVIEWS = YES;
				GENERATE_INFOPLIST_FILE = YES;
				INFOPLIST_KEY_UIApplicationSceneManifest_Generation = YES;
				INFOPLIST_KEY_UIApplicationSupportsIndirectInputEvents = YES;
				INFOPLIST_KEY_UILaunchScreen_Generation = YES;
				INFOPLIST_KEY_UISupportedInterfaceOrientations_iPad = "UIInterfaceOrientationPortrait UIInterfaceOrientationPortraitUpsideDown UIInterfaceOrientationLandscapeLeft UIInterfaceOrientationLandscapeRight";
				INFOPLIST_KEY_UISupportedInterfaceOrientations_iPhone = "UIInterfaceOrientationPortrait UIInterfaceOrientationLandscapeLeft UIInterfaceOrientationLandscapeRight";
				LD_RUNPATH_SEARCH_PATHS = (
					"$(inherited)",
					"@executable_path/Frameworks",
				);
				MARKETING_VERSION = 1.0;
				PRODUCT_BUNDLE_IDENTIFIER = "Reiner.MC2-AppDev";
				PRODUCT_NAME = "$(TARGET_NAME)";
				SWIFT_EMIT_LOC_STRINGS = YES;
				SWIFT_VERSION = 5.0;
				TARGETED_DEVICE_FAMILY = "1,2";
			};
			name = Release;
		};
/* End XCBuildConfiguration section */

/* Begin XCConfigurationList section */
		FC9C30A22A3997DF00B10C97 /* Build configuration list for PBXProject "MC2_AppDev" */ = {
			isa = XCConfigurationList;
			buildConfigurations = (
				FC9C30B32A3997E000B10C97 /* Debug */,
				FC9C30B42A3997E000B10C97 /* Release */,
			);
			defaultConfigurationIsVisible = 0;
			defaultConfigurationName = Release;
		};
		FC9C30B52A3997E000B10C97 /* Build configuration list for PBXNativeTarget "MC2_AppDev" */ = {
			isa = XCConfigurationList;
			buildConfigurations = (
				FC9C30B62A3997E000B10C97 /* Debug */,
				FC9C30B72A3997E000B10C97 /* Release */,
			);
			defaultConfigurationIsVisible = 0;
			defaultConfigurationName = Release;
		};
/* End XCConfigurationList section */

/* Begin XCVersionGroup section */
		FC9C30E12A44525E00B10C97 /* ModelData.xcdatamodeld */ = {
			isa = XCVersionGroup;
			children = (
				FC9C30E22A44525E00B10C97 /* ModelData.xcdatamodel */,
			);
			currentVersion = FC9C30E22A44525E00B10C97 /* ModelData.xcdatamodel */;
			path = ModelData.xcdatamodeld;
			sourceTree = "<group>";
			versionGroupType = wrapper.xcdatamodel;
		};
/* End XCVersionGroup section */
	};
	rootObject = FC9C309F2A3997DF00B10C97 /* Project object */;
}
